
Microsoft Visual Studio Solution File, Format Version 12.00
# Visual Studio Version 17
VisualStudioVersion = 17.0.31903.59
MinimumVisualStudioVersion = 10.0.40219.1
Project("{2150E333-8FDC-42A3-9474-1A3956D46DE8}") = "app", "app", "{F95F473B-E98A-ACD6-1986-755F447BE36F}"
EndProject
Project("{FAE04EC0-301F-11D3-BF4B-00C04F79EFBC}") = "HelloWebApp", "app\HelloWebApp.csproj", "{9B38CC04-D43C-462D-9D24-C48053D4DB19}"
EndProject
Project("{FAE04EC0-301F-11D3-BF4B-00C04F79EFBC}") = "HelloWebApp.Tests", "app.Tests\HelloWebApp.Tests.csproj", "{9A144A43-383C-4F81-9CEF-2F4518FF7533}"
EndProject
Global
	GlobalSection(SolutionConfigurationPlatforms) = preSolution
		Debug|Any CPU = Debug|Any CPU
		Debug|x64 = Debug|x64
		Debug|x86 = Debug|x86
		Release|Any CPU = Release|Any CPU
		Release|x64 = Release|x64
		Release|x86 = Release|x86
	EndGlobalSection
	GlobalSection(ProjectConfigurationPlatforms) = postSolution
		{9B38CC04-D43C-462D-9D24-C48053D4DB19}.Debug|Any CPU.ActiveCfg = Debug|Any CPU
		{9B38CC04-D43C-462D-9D24-C48053D4DB19}.Debug|Any CPU.Build.0 = Debug|Any CPU
		{9B38CC04-D43C-462D-9D24-C48053D4DB19}.Debug|x64.ActiveCfg = Debug|Any CPU
		{9B38CC04-D43C-462D-9D24-C48053D4DB19}.Debug|x64.Build.0 = Debug|Any CPU
		{9B38CC04-D43C-462D-9D24-C48053D4DB19}.Debug|x86.ActiveCfg = Debug|Any CPU
		{9B38CC04-D43C-462D-9D24-C48053D4DB19}.Debug|x86.Build.0 = Debug|Any CPU
		{9B38CC04-D43C-462D-9D24-C48053D4DB19}.Release|Any CPU.ActiveCfg = Release|Any CPU
		{9B38CC04-D43C-462D-9D24-C48053D4DB19}.Release|Any CPU.Build.0 = Release|Any CPU
		{9B38CC04-D43C-462D-9D24-C48053D4DB19}.Release|x64.ActiveCfg = Release|Any CPU
		{9B38CC04-D43C-462D-9D24-C48053D4DB19}.Release|x64.Build.0 = Release|Any CPU
		{9B38CC04-D43C-462D-9D24-C48053D4DB19}.Release|x86.ActiveCfg = Release|Any CPU
		{9B38CC04-D43C-462D-9D24-C48053D4DB19}.Release|x86.Build.0 = Release|Any CPU
		{9A144A43-383C-4F81-9CEF-2F4518FF7533}.Debug|Any CPU.ActiveCfg = Debug|Any CPU
		{9A144A43-383C-4F81-9CEF-2F4518FF7533}.Debug|Any CPU.Build.0 = Debug|Any CPU
		{9A144A43-383C-4F81-9CEF-2F4518FF7533}.Debug|x64.ActiveCfg = Debug|Any CPU
		{9A144A43-383C-4F81-9CEF-2F4518FF7533}.Debug|x64.Build.0 = Debug|Any CPU
		{9A144A43-383C-4F81-9CEF-2F4518FF7533}.Debug|x86.ActiveCfg = Debug|Any CPU
		{9A144A43-383C-4F81-9CEF-2F4518FF7533}.Debug|x86.Build.0 = Debug|Any CPU
		{9A144A43-383C-4F81-9CEF-2F4518FF7533}.Release|Any CPU.ActiveCfg = Release|Any CPU
		{9A144A43-383C-4F81-9CEF-2F4518FF7533}.Release|Any CPU.Build.0 = Release|Any CPU
		{9A144A43-383C-4F81-9CEF-2F4518FF7533}.Release|x64.ActiveCfg = Release|Any CPU
		{9A144A43-383C-4F81-9CEF-2F4518FF7533}.Release|x64.Build.0 = Release|Any CPU
		{9A144A43-383C-4F81-9CEF-2F4518FF7533}.Release|x86.ActiveCfg = Release|Any CPU
		{9A144A43-383C-4F81-9CEF-2F4518FF7533}.Release|x86.Build.0 = Release|Any CPU
	EndGlobalSection
	GlobalSection(SolutionProperties) = preSolution
		HideSolutionNode = FALSE
	EndGlobalSection
	GlobalSection(NestedProjects) = preSolution
		{9B38CC04-D43C-462D-9D24-C48053D4DB19} = {F95F473B-E98A-ACD6-1986-755F447BE36F}
		{9A144A43-383C-4F81-9CEF-2F4518FF7533} = {F95F473B-E98A-ACD6-1986-755F447BE36F}
	EndGlobalSection
EndGlobal
